
Microsoft Visual Studio Solution File, Format Version 12.00
# Visual Studio Version 17
VisualStudioVersion = 17.12.35728.132
MinimumVisualStudioVersion = 10.0.40219.1
Project("{2150E333-8FDC-42A3-9474-1A3956D46DE8}") = "Services", "Services", "{34E46D3A-FB4B-4630-A712-04B9A8A22506}"
EndProject
Project("{2150E333-8FDC-42A3-9474-1A3956D46DE8}") = "Company", "Company", "{67C8FCAA-F4F5-452F-86EB-AFEEAC7A33C8}"
EndProject
Project("{2150E333-8FDC-42A3-9474-1A3956D46DE8}") = "Employee", "Employee", "{F1ACB6AD-98EF-4D61-A011-EAB7E801B242}"
EndProject
Project("{2150E333-8FDC-42A3-9474-1A3956D46DE8}") = "Catalog", "Catalog", "{F826E6A7-9359-4A29-9B2F-B0F6ADC51545}"
EndProject
Project("{2150E333-8FDC-42A3-9474-1A3956D46DE8}") = "Sales", "Sales", "{0EC63610-4F4D-4649-9549-579FBC3CF1D7}"
EndProject
Project("{2150E333-8FDC-42A3-9474-1A3956D46DE8}") = "Warehouse", "Warehouse", "{C8074508-63D9-4F79-A409-2C45982D3FDA}"
EndProject
Project("{2150E333-8FDC-42A3-9474-1A3956D46DE8}") = "Core", "Core", "{5C588DD2-8229-4CF2-8CD4-27DF115CCC22}"
EndProject
Project("{2150E333-8FDC-42A3-9474-1A3956D46DE8}") = "Infrastructure", "Infrastructure", "{622A2065-DDEF-4847-B1D5-6EEB9785CC97}"
EndProject
Project("{2150E333-8FDC-42A3-9474-1A3956D46DE8}") = "Presentation", "Presentation", "{99DFDB3D-9B80-4DA0-BE74-D272C2973EC2}"
EndProject
Project("{FAE04EC0-301F-11D3-BF4B-00C04F79EFBC}") = "SalesOps.Catalog.Application", "Services\Catalog\Core\SalesOps.Catalog.Application\SalesOps.Catalog.Application.csproj", "{0BD9279B-3CAC-4033-B3EF-A94DC1F265AA}"
EndProject
Project("{FAE04EC0-301F-11D3-BF4B-00C04F79EFBC}") = "SalesOps.Catalog.Domain", "Services\Catalog\Core\SalesOps.Catalog.Domain\SalesOps.Catalog.Domain.csproj", "{E449AE53-ACBD-40F6-89DB-B499F4AEC472}"
EndProject
Project("{FAE04EC0-301F-11D3-BF4B-00C04F79EFBC}") = "SalesOps.Catalog.Persistance", "Services\Catalog\Infrastructure\SalesOps.Catalog.Persistance\SalesOps.Catalog.Persistance.csproj", "{07D0585B-B015-46A3-97DE-385233D19180}"
EndProject
Project("{FAE04EC0-301F-11D3-BF4B-00C04F79EFBC}") = "SalesOps.Catalog.WebApi", "Services\Catalog\Presentation\SalesOps.Catalog.WebApi\SalesOps.Catalog.WebApi.csproj", "{739F710D-34AD-448B-8FED-7E1744C0AD1C}"
EndProject
Project("{2150E333-8FDC-42A3-9474-1A3956D46DE8}") = "Core", "Core", "{A09D1071-270B-4E8D-BFED-E4A9FFB3ED2A}"
EndProject
Project("{2150E333-8FDC-42A3-9474-1A3956D46DE8}") = "Infrastructure", "Infrastructure", "{DDF93C4C-B0D3-40F9-80C9-F1C99BD05E06}"
EndProject
Project("{2150E333-8FDC-42A3-9474-1A3956D46DE8}") = "Presentation", "Presentation", "{85507AED-666F-4679-A01D-F92EB696A993}"
EndProject
Project("{FAE04EC0-301F-11D3-BF4B-00C04F79EFBC}") = "SalesOps.Company.Domain", "Services\Company\Core\SalesOps.Company.Domain\SalesOps.Company.Domain.csproj", "{E3F219BD-42EB-4CB9-91FC-DE8DD3CE7AA9}"
EndProject
Project("{FAE04EC0-301F-11D3-BF4B-00C04F79EFBC}") = "SalesOps.Company.Application", "Services\Company\Core\SalesOps.Company.Application\SalesOps.Company.Application.csproj", "{70F5B1B8-21DC-4255-94F2-5D2405552D13}"
EndProject
Project("{FAE04EC0-301F-11D3-BF4B-00C04F79EFBC}") = "SalesOps.Company.Persistence", "Services\Company\Infrastructure\SalesOps.Company.Persistence\SalesOps.Company.Persistence.csproj", "{331A1F3D-82BD-49AA-AC58-E542E8E717D1}"
EndProject
Project("{FAE04EC0-301F-11D3-BF4B-00C04F79EFBC}") = "SalesOps.Company.WebApi", "Services\Company\Presentation\SalesOps.Company.WebApi\SalesOps.Company.WebApi.csproj", "{6A594C12-35E2-44C4-A28A-385C0F5B1677}"
EndProject
Global
	GlobalSection(SolutionConfigurationPlatforms) = preSolution
		Debug|Any CPU = Debug|Any CPU
		Release|Any CPU = Release|Any CPU
	EndGlobalSection
	GlobalSection(ProjectConfigurationPlatforms) = postSolution
		{0BD9279B-3CAC-4033-B3EF-A94DC1F265AA}.Debug|Any CPU.ActiveCfg = Debug|Any CPU
		{0BD9279B-3CAC-4033-B3EF-A94DC1F265AA}.Debug|Any CPU.Build.0 = Debug|Any CPU
		{0BD9279B-3CAC-4033-B3EF-A94DC1F265AA}.Release|Any CPU.ActiveCfg = Release|Any CPU
		{0BD9279B-3CAC-4033-B3EF-A94DC1F265AA}.Release|Any CPU.Build.0 = Release|Any CPU
		{E449AE53-ACBD-40F6-89DB-B499F4AEC472}.Debug|Any CPU.ActiveCfg = Debug|Any CPU
		{E449AE53-ACBD-40F6-89DB-B499F4AEC472}.Debug|Any CPU.Build.0 = Debug|Any CPU
		{E449AE53-ACBD-40F6-89DB-B499F4AEC472}.Release|Any CPU.ActiveCfg = Release|Any CPU
		{E449AE53-ACBD-40F6-89DB-B499F4AEC472}.Release|Any CPU.Build.0 = Release|Any CPU
		{07D0585B-B015-46A3-97DE-385233D19180}.Debug|Any CPU.ActiveCfg = Debug|Any CPU
		{07D0585B-B015-46A3-97DE-385233D19180}.Debug|Any CPU.Build.0 = Debug|Any CPU
		{07D0585B-B015-46A3-97DE-385233D19180}.Release|Any CPU.ActiveCfg = Release|Any CPU
		{07D0585B-B015-46A3-97DE-385233D19180}.Release|Any CPU.Build.0 = Release|Any CPU
		{739F710D-34AD-448B-8FED-7E1744C0AD1C}.Debug|Any CPU.ActiveCfg = Debug|Any CPU
		{739F710D-34AD-448B-8FED-7E1744C0AD1C}.Debug|Any CPU.Build.0 = Debug|Any CPU
		{739F710D-34AD-448B-8FED-7E1744C0AD1C}.Release|Any CPU.ActiveCfg = Release|Any CPU
		{739F710D-34AD-448B-8FED-7E1744C0AD1C}.Release|Any CPU.Build.0 = Release|Any CPU
		{E3F219BD-42EB-4CB9-91FC-DE8DD3CE7AA9}.Debug|Any CPU.ActiveCfg = Debug|Any CPU
		{E3F219BD-42EB-4CB9-91FC-DE8DD3CE7AA9}.Debug|Any CPU.Build.0 = Debug|Any CPU
		{E3F219BD-42EB-4CB9-91FC-DE8DD3CE7AA9}.Release|Any CPU.ActiveCfg = Release|Any CPU
		{E3F219BD-42EB-4CB9-91FC-DE8DD3CE7AA9}.Release|Any CPU.Build.0 = Release|Any CPU
		{70F5B1B8-21DC-4255-94F2-5D2405552D13}.Debug|Any CPU.ActiveCfg = Debug|Any CPU
		{70F5B1B8-21DC-4255-94F2-5D2405552D13}.Debug|Any CPU.Build.0 = Debug|Any CPU
		{70F5B1B8-21DC-4255-94F2-5D2405552D13}.Release|Any CPU.ActiveCfg = Release|Any CPU
		{70F5B1B8-21DC-4255-94F2-5D2405552D13}.Release|Any CPU.Build.0 = Release|Any CPU
		{331A1F3D-82BD-49AA-AC58-E542E8E717D1}.Debug|Any CPU.ActiveCfg = Debug|Any CPU
		{331A1F3D-82BD-49AA-AC58-E542E8E717D1}.Debug|Any CPU.Build.0 = Debug|Any CPU
		{331A1F3D-82BD-49AA-AC58-E542E8E717D1}.Release|Any CPU.ActiveCfg = Release|Any CPU
		{331A1F3D-82BD-49AA-AC58-E542E8E717D1}.Release|Any CPU.Build.0 = Release|Any CPU
		{6A594C12-35E2-44C4-A28A-385C0F5B1677}.Debug|Any CPU.ActiveCfg = Debug|Any CPU
		{6A594C12-35E2-44C4-A28A-385C0F5B1677}.Debug|Any CPU.Build.0 = Debug|Any CPU
		{6A594C12-35E2-44C4-A28A-385C0F5B1677}.Release|Any CPU.ActiveCfg = Release|Any CPU
		{6A594C12-35E2-44C4-A28A-385C0F5B1677}.Release|Any CPU.Build.0 = Release|Any CPU
	EndGlobalSection
	GlobalSection(SolutionProperties) = preSolution
		HideSolutionNode = FALSE
	EndGlobalSection
	GlobalSection(NestedProjects) = preSolution
		{85507AED-666F-4679-A01D-F92EB696A993} = {67C8FCAA-F4F5-452F-86EB-AFEEAC7A33C8}
		{DDF93C4C-B0D3-40F9-80C9-F1C99BD05E06} = {67C8FCAA-F4F5-452F-86EB-AFEEAC7A33C8}
		{A09D1071-270B-4E8D-BFED-E4A9FFB3ED2A} = {67C8FCAA-F4F5-452F-86EB-AFEEAC7A33C8}
		{67C8FCAA-F4F5-452F-86EB-AFEEAC7A33C8} = {34E46D3A-FB4B-4630-A712-04B9A8A22506}
		{F1ACB6AD-98EF-4D61-A011-EAB7E801B242} = {34E46D3A-FB4B-4630-A712-04B9A8A22506}
		{F826E6A7-9359-4A29-9B2F-B0F6ADC51545} = {34E46D3A-FB4B-4630-A712-04B9A8A22506}
		{0EC63610-4F4D-4649-9549-579FBC3CF1D7} = {34E46D3A-FB4B-4630-A712-04B9A8A22506}
		{C8074508-63D9-4F79-A409-2C45982D3FDA} = {34E46D3A-FB4B-4630-A712-04B9A8A22506}
		{5C588DD2-8229-4CF2-8CD4-27DF115CCC22} = {F826E6A7-9359-4A29-9B2F-B0F6ADC51545}
		{622A2065-DDEF-4847-B1D5-6EEB9785CC97} = {F826E6A7-9359-4A29-9B2F-B0F6ADC51545}
		{99DFDB3D-9B80-4DA0-BE74-D272C2973EC2} = {F826E6A7-9359-4A29-9B2F-B0F6ADC51545}
		{0BD9279B-3CAC-4033-B3EF-A94DC1F265AA} = {5C588DD2-8229-4CF2-8CD4-27DF115CCC22}
		{E449AE53-ACBD-40F6-89DB-B499F4AEC472} = {5C588DD2-8229-4CF2-8CD4-27DF115CCC22}
		{07D0585B-B015-46A3-97DE-385233D19180} = {622A2065-DDEF-4847-B1D5-6EEB9785CC97}
		{739F710D-34AD-448B-8FED-7E1744C0AD1C} = {99DFDB3D-9B80-4DA0-BE74-D272C2973EC2}
		{E3F219BD-42EB-4CB9-91FC-DE8DD3CE7AA9} = {A09D1071-270B-4E8D-BFED-E4A9FFB3ED2A}
		{70F5B1B8-21DC-4255-94F2-5D2405552D13} = {A09D1071-270B-4E8D-BFED-E4A9FFB3ED2A}
		{331A1F3D-82BD-49AA-AC58-E542E8E717D1} = {DDF93C4C-B0D3-40F9-80C9-F1C99BD05E06}
		{6A594C12-35E2-44C4-A28A-385C0F5B1677} = {85507AED-666F-4679-A01D-F92EB696A993}
	EndGlobalSection
EndGlobal
